
Microsoft Visual Studio Solution File, Format Version 12.00
# Visual Studio Version 16
VisualStudioVersion = 16.0.29503.13
MinimumVisualStudioVersion = 10.0.40219.1
Project("{2150E333-8FDC-42A3-9474-1A3956D46DE8}") = "src", "src", "{B277C7EF-55E5-4F6D-B6DD-E029AB9F255E}"
EndProject
Project("{2150E333-8FDC-42A3-9474-1A3956D46DE8}") = "Modulos", "Modulos", "{3142E915-C8BA-49C8-A71A-37326260C51E}"
EndProject
Project("{2150E333-8FDC-42A3-9474-1A3956D46DE8}") = "CrossCutting", "CrossCutting", "{1A1F6FD7-1C95-4F71-B14B-9863803B80C2}"
EndProject
Project("{9A19103F-16F7-4668-BE54-9A1E7A4F7556}") = "SIGO.GestaoNormas.API", "src\Modulos\GestaoNormas\SIGO.GestaoNormas.API\SIGO.GestaoNormas.API.csproj", "{91CB5A3E-A18D-4F70-B494-D984D5767240}"
EndProject
Project("{9A19103F-16F7-4668-BE54-9A1E7A4F7556}") = "SIGO.Domain", "src\Modulos\CrossCutting\SIGO.Domain\SIGO.Domain.csproj", "{66954C20-4AE0-4604-A4A3-B55D7577BAAA}"
EndProject
Project("{2150E333-8FDC-42A3-9474-1A3956D46DE8}") = "GestaoNormas", "GestaoNormas", "{B370BF84-7AC8-468F-9D53-0EFD085BC41E}"
EndProject
Project("{9A19103F-16F7-4668-BE54-9A1E7A4F7556}") = "SIGO.GestaoNormas.Domain", "src\Modulos\GestaoNormas\SIGO.GestaoNormas.Domain\SIGO.GestaoNormas.Domain.csproj", "{6E9E9C5F-227E-4E2A-B988-EFFEB6588A8D}"
EndProject
Project("{2150E333-8FDC-42A3-9474-1A3956D46DE8}") = "AssessoriasConsultorias", "AssessoriasConsultorias", "{C453C711-AEE3-4A53-8DF7-F23E42E48025}"
EndProject
Project("{9A19103F-16F7-4668-BE54-9A1E7A4F7556}") = "SIGO.AssessoriasConsultorias.API", "src\Modulos\AssessoriasConsultorias\SIGO.AssessoriasConsultorias.API\SIGO.AssessoriasConsultorias.API.csproj", "{EFD62092-F23A-4F2D-87AE-56D4278154D5}"
EndProject
Project("{9A19103F-16F7-4668-BE54-9A1E7A4F7556}") = "SIGO.AssessoriasConsultorias.Domain", "src\Modulos\AssessoriasConsultorias\SIGO.AssessoriasConsultorias.Domain\SIGO.AssessoriasConsultorias.Domain.csproj", "{FC7F384B-7724-4D62-A282-A5855C1EC63A}"
EndProject
Project("{9A19103F-16F7-4668-BE54-9A1E7A4F7556}") = "SIGO.GestaoProcessoIndustrial.API", "src\Modulos\GestaoProcessoIndustrial\SIGO.GestaoProcessoIndustrial.API\SIGO.GestaoProcessoIndustrial.API.csproj", "{A0FBA432-DC1E-44EB-A3C1-00299B72E622}"
EndProject
Project("{2150E333-8FDC-42A3-9474-1A3956D46DE8}") = "GestaoProcessoIndustrial", "GestaoProcessoIndustrial", "{0273CF16-2877-4CBD-AC99-C2005647652C}"
EndProject
Project("{9A19103F-16F7-4668-BE54-9A1E7A4F7556}") = "SIGO.GestaoProcessoIndustrial.Domain", "src\Modulos\GestaoProcessoIndustrial\SIGO.GestaoProcessoIndustrial.Domain\SIGO.GestaoProcessoIndustrial.Domain.csproj", "{3B629741-B4A5-4820-BCDA-4560AAF9B551}"
EndProject
Project("{9A19103F-16F7-4668-BE54-9A1E7A4F7556}") = "SIGO.GestaoNormas.Infra", "src\Modulos\GestaoNormas\SIGO.GestaoNormas.Infra\SIGO.GestaoNormas.Infra.csproj", "{36B8B530-C996-422D-BD86-BDC7D4B951F1}"
EndProject
Project("{9A19103F-16F7-4668-BE54-9A1E7A4F7556}") = "SIGO.Bus", "src\Modulos\CrossCutting\SIGO.Bus\SIGO.Bus.csproj", "{C0DC5F34-1690-45C2-A3EE-D01F664343C1}"
EndProject
Project("{9A19103F-16F7-4668-BE54-9A1E7A4F7556}") = "SIGO.Utils", "src\Modulos\CrossCutting\SIGO.Utils\SIGO.Utils.csproj", "{FE369F7E-7FCA-461D-A27E-2621E50320A5}"
EndProject
Project("{9A19103F-16F7-4668-BE54-9A1E7A4F7556}") = "SIGO.GestaoProcessoIndustrial.Infra", "src\Modulos\GestaoProcessoIndustrial\SIGO.GestaoProcessoIndustrial.Infra\SIGO.GestaoProcessoIndustrial.Infra.csproj", "{C25B143D-8673-4B3E-A20C-1742654158C9}"
EndProject
Project("{9A19103F-16F7-4668-BE54-9A1E7A4F7556}") = "SIGO.AssessoriasConsultorias.Infra", "src\Modulos\AssessoriasConsultorias\SIGO.AssessoriasConsultorias.Infra\SIGO.AssessoriasConsultorias.Infra.csproj", "{BE3FE848-7182-4903-9F07-A8A5471D3C33}"
EndProject
Project("{9A19103F-16F7-4668-BE54-9A1E7A4F7556}") = "SIGO.GestaoNormas.Service", "src\Modulos\GestaoNormas\SIGO.GestaoNormas.Service\SIGO.GestaoNormas.Service.csproj", "{1CB146A0-E9F1-4ECD-B501-A3E0FAFC936F}"
EndProject
Project("{9A19103F-16F7-4668-BE54-9A1E7A4F7556}") = "SIGO.GestaoProcessoIndustrial.Service", "src\Modulos\GestaoProcessoIndustrial\SIGO.GestaoProcessoIndustrial.Service\SIGO.GestaoProcessoIndustrial.Service.csproj", "{329BE298-543D-464B-A8F3-C5BC3505F0A4}"
EndProject
Project("{9A19103F-16F7-4668-BE54-9A1E7A4F7556}") = "SIGO.Infra", "src\Modulos\CrossCutting\SIGO.Infra\SIGO.Infra.csproj", "{42775CB0-0655-44A7-A893-40BCFD6EB143}"
EndProject
Project("{9A19103F-16F7-4668-BE54-9A1E7A4F7556}") = "SIGO.AssessoriasConsultorias.Service", "src\Modulos\AssessoriasConsultorias\SIGO.AssessoriasConsultorias.Service\SIGO.AssessoriasConsultorias.Service.csproj", "{FDA64403-CAF5-4C8B-BB1C-D684020FD264}"
EndProject
Project("{2150E333-8FDC-42A3-9474-1A3956D46DE8}") = "Simuladores", "Simuladores", "{AE26A0BE-E278-41DE-8F26-8C2317A63767}"
EndProject
Project("{9A19103F-16F7-4668-BE54-9A1E7A4F7556}") = "SIGO.Simuladores.AD", "src\Simuladores\SIGO.Simuladores.AD\SIGO.Simuladores.AD.csproj", "{FF3EA68F-FB0B-445D-BE4B-04A3F93422C0}"
EndProject
Project("{9A19103F-16F7-4668-BE54-9A1E7A4F7556}") = "SIGO.Simuladores.ESB.Mule", "src\Simuladores\SIGO.Simuladores.ESB.Mule\SIGO.Simuladores.ESB.Mule.csproj", "{E6407FD8-34CA-4738-AC4C-EE8409423F9C}"
EndProject
Project("{2150E333-8FDC-42A3-9474-1A3956D46DE8}") = "Legados", "Legados", "{3F3D2FBF-8178-448A-A640-046EE2A097A9}"
EndProject
Project("{9A19103F-16F7-4668-BE54-9A1E7A4F7556}") = "SIGO.Simuladores.Legado.Logistica", "src\Simuladores\Legados\SIGO.Simuladores.Legado.Logistica\SIGO.Simuladores.Legado.Logistica.csproj", "{CDC6ACCE-82EB-4B15-BA70-EA1D3D9BF2F8}"
EndProject
Project("{9A19103F-16F7-4668-BE54-9A1E7A4F7556}") = "SIGO.Simuladores.Legado.SegurancaQualidade", "src\Simuladores\Legados\SIGO.Simuladores.Legado.SegurancaQualidade\SIGO.Simuladores.Legado.SegurancaQualidade.csproj", "{82933EBB-5D0F-4A39-AD69-5CB6C8275196}"
EndProject
Project("{9A19103F-16F7-4668-BE54-9A1E7A4F7556}") = "SIGO.Simuladores.Legado.MonitoramentoVendas", "src\Simuladores\Legados\SIGO.Simuladores.Legado.MonitoramentoVendas\SIGO.Simuladores.Legado.MonitoramentoVendas.csproj", "{A18C506C-D0DB-4044-8998-F2D52942739A}"
EndProject
Project("{9A19103F-16F7-4668-BE54-9A1E7A4F7556}") = "SIGO.Simuladores.Legado.InteligenciaNegocio", "src\Simuladores\Legados\SIGO.Simuladores.Legado.InteligenciaNegocio\SIGO.Simuladores.Legado.InteligenciaNegocio.csproj", "{1581135A-947C-4B3D-8457-7D2F3C209549}"
EndProject
Project("{2150E333-8FDC-42A3-9474-1A3956D46DE8}") = "ApiGateway", "ApiGateway", "{43543CB5-C0C8-4AD0-9051-076473B1FF2D}"
EndProject
Project("{E53339B2-1760-4266-BCC7-CA923CBCF16C}") = "docker-compose", "docker-compose.dcproj", "{411487E7-2E08-47B6-9A68-F6CF0E3D8F22}"
EndProject
Project("{9A19103F-16F7-4668-BE54-9A1E7A4F7556}") = "SIGO.ApiGateway", "src\APIGateway\SIGO.ApiGateway\SIGO.ApiGateway.csproj", "{A72B857E-E71B-44E2-98D6-67B4E38AF933}"
EndProject
Global
	GlobalSection(SolutionConfigurationPlatforms) = preSolution
		Debug|Any CPU = Debug|Any CPU
		Release|Any CPU = Release|Any CPU
	EndGlobalSection
	GlobalSection(ProjectConfigurationPlatforms) = postSolution
		{91CB5A3E-A18D-4F70-B494-D984D5767240}.Debug|Any CPU.ActiveCfg = Debug|Any CPU
		{91CB5A3E-A18D-4F70-B494-D984D5767240}.Debug|Any CPU.Build.0 = Debug|Any CPU
		{91CB5A3E-A18D-4F70-B494-D984D5767240}.Release|Any CPU.ActiveCfg = Release|Any CPU
		{91CB5A3E-A18D-4F70-B494-D984D5767240}.Release|Any CPU.Build.0 = Release|Any CPU
		{66954C20-4AE0-4604-A4A3-B55D7577BAAA}.Debug|Any CPU.ActiveCfg = Debug|Any CPU
		{66954C20-4AE0-4604-A4A3-B55D7577BAAA}.Debug|Any CPU.Build.0 = Debug|Any CPU
		{66954C20-4AE0-4604-A4A3-B55D7577BAAA}.Release|Any CPU.ActiveCfg = Release|Any CPU
		{66954C20-4AE0-4604-A4A3-B55D7577BAAA}.Release|Any CPU.Build.0 = Release|Any CPU
		{6E9E9C5F-227E-4E2A-B988-EFFEB6588A8D}.Debug|Any CPU.ActiveCfg = Debug|Any CPU
		{6E9E9C5F-227E-4E2A-B988-EFFEB6588A8D}.Debug|Any CPU.Build.0 = Debug|Any CPU
		{6E9E9C5F-227E-4E2A-B988-EFFEB6588A8D}.Release|Any CPU.ActiveCfg = Release|Any CPU
		{6E9E9C5F-227E-4E2A-B988-EFFEB6588A8D}.Release|Any CPU.Build.0 = Release|Any CPU
		{EFD62092-F23A-4F2D-87AE-56D4278154D5}.Debug|Any CPU.ActiveCfg = Debug|Any CPU
		{EFD62092-F23A-4F2D-87AE-56D4278154D5}.Debug|Any CPU.Build.0 = Debug|Any CPU
		{EFD62092-F23A-4F2D-87AE-56D4278154D5}.Release|Any CPU.ActiveCfg = Release|Any CPU
		{EFD62092-F23A-4F2D-87AE-56D4278154D5}.Release|Any CPU.Build.0 = Release|Any CPU
		{FC7F384B-7724-4D62-A282-A5855C1EC63A}.Debug|Any CPU.ActiveCfg = Debug|Any CPU
		{FC7F384B-7724-4D62-A282-A5855C1EC63A}.Debug|Any CPU.Build.0 = Debug|Any CPU
		{FC7F384B-7724-4D62-A282-A5855C1EC63A}.Release|Any CPU.ActiveCfg = Release|Any CPU
		{FC7F384B-7724-4D62-A282-A5855C1EC63A}.Release|Any CPU.Build.0 = Release|Any CPU
		{A0FBA432-DC1E-44EB-A3C1-00299B72E622}.Debug|Any CPU.ActiveCfg = Debug|Any CPU
		{A0FBA432-DC1E-44EB-A3C1-00299B72E622}.Debug|Any CPU.Build.0 = Debug|Any CPU
		{A0FBA432-DC1E-44EB-A3C1-00299B72E622}.Release|Any CPU.ActiveCfg = Release|Any CPU
		{A0FBA432-DC1E-44EB-A3C1-00299B72E622}.Release|Any CPU.Build.0 = Release|Any CPU
		{3B629741-B4A5-4820-BCDA-4560AAF9B551}.Debug|Any CPU.ActiveCfg = Debug|Any CPU
		{3B629741-B4A5-4820-BCDA-4560AAF9B551}.Debug|Any CPU.Build.0 = Debug|Any CPU
		{3B629741-B4A5-4820-BCDA-4560AAF9B551}.Release|Any CPU.ActiveCfg = Release|Any CPU
		{3B629741-B4A5-4820-BCDA-4560AAF9B551}.Release|Any CPU.Build.0 = Release|Any CPU
		{36B8B530-C996-422D-BD86-BDC7D4B951F1}.Debug|Any CPU.ActiveCfg = Debug|Any CPU
		{36B8B530-C996-422D-BD86-BDC7D4B951F1}.Debug|Any CPU.Build.0 = Debug|Any CPU
		{36B8B530-C996-422D-BD86-BDC7D4B951F1}.Release|Any CPU.ActiveCfg = Release|Any CPU
		{36B8B530-C996-422D-BD86-BDC7D4B951F1}.Release|Any CPU.Build.0 = Release|Any CPU
		{C0DC5F34-1690-45C2-A3EE-D01F664343C1}.Debug|Any CPU.ActiveCfg = Debug|Any CPU
		{C0DC5F34-1690-45C2-A3EE-D01F664343C1}.Debug|Any CPU.Build.0 = Debug|Any CPU
		{C0DC5F34-1690-45C2-A3EE-D01F664343C1}.Release|Any CPU.ActiveCfg = Release|Any CPU
		{C0DC5F34-1690-45C2-A3EE-D01F664343C1}.Release|Any CPU.Build.0 = Release|Any CPU
		{FE369F7E-7FCA-461D-A27E-2621E50320A5}.Debug|Any CPU.ActiveCfg = Debug|Any CPU
		{FE369F7E-7FCA-461D-A27E-2621E50320A5}.Debug|Any CPU.Build.0 = Debug|Any CPU
		{FE369F7E-7FCA-461D-A27E-2621E50320A5}.Release|Any CPU.ActiveCfg = Release|Any CPU
		{FE369F7E-7FCA-461D-A27E-2621E50320A5}.Release|Any CPU.Build.0 = Release|Any CPU
		{C25B143D-8673-4B3E-A20C-1742654158C9}.Debug|Any CPU.ActiveCfg = Debug|Any CPU
		{C25B143D-8673-4B3E-A20C-1742654158C9}.Debug|Any CPU.Build.0 = Debug|Any CPU
		{C25B143D-8673-4B3E-A20C-1742654158C9}.Release|Any CPU.ActiveCfg = Release|Any CPU
		{C25B143D-8673-4B3E-A20C-1742654158C9}.Release|Any CPU.Build.0 = Release|Any CPU
		{BE3FE848-7182-4903-9F07-A8A5471D3C33}.Debug|Any CPU.ActiveCfg = Debug|Any CPU
		{BE3FE848-7182-4903-9F07-A8A5471D3C33}.Debug|Any CPU.Build.0 = Debug|Any CPU
		{BE3FE848-7182-4903-9F07-A8A5471D3C33}.Release|Any CPU.ActiveCfg = Release|Any CPU
		{BE3FE848-7182-4903-9F07-A8A5471D3C33}.Release|Any CPU.Build.0 = Release|Any CPU
		{1CB146A0-E9F1-4ECD-B501-A3E0FAFC936F}.Debug|Any CPU.ActiveCfg = Debug|Any CPU
		{1CB146A0-E9F1-4ECD-B501-A3E0FAFC936F}.Debug|Any CPU.Build.0 = Debug|Any CPU
		{1CB146A0-E9F1-4ECD-B501-A3E0FAFC936F}.Release|Any CPU.ActiveCfg = Release|Any CPU
		{1CB146A0-E9F1-4ECD-B501-A3E0FAFC936F}.Release|Any CPU.Build.0 = Release|Any CPU
		{329BE298-543D-464B-A8F3-C5BC3505F0A4}.Debug|Any CPU.ActiveCfg = Debug|Any CPU
		{329BE298-543D-464B-A8F3-C5BC3505F0A4}.Debug|Any CPU.Build.0 = Debug|Any CPU
		{329BE298-543D-464B-A8F3-C5BC3505F0A4}.Release|Any CPU.ActiveCfg = Release|Any CPU
		{329BE298-543D-464B-A8F3-C5BC3505F0A4}.Release|Any CPU.Build.0 = Release|Any CPU
		{42775CB0-0655-44A7-A893-40BCFD6EB143}.Debug|Any CPU.ActiveCfg = Debug|Any CPU
		{42775CB0-0655-44A7-A893-40BCFD6EB143}.Debug|Any CPU.Build.0 = Debug|Any CPU
		{42775CB0-0655-44A7-A893-40BCFD6EB143}.Release|Any CPU.ActiveCfg = Release|Any CPU
		{42775CB0-0655-44A7-A893-40BCFD6EB143}.Release|Any CPU.Build.0 = Release|Any CPU
		{FDA64403-CAF5-4C8B-BB1C-D684020FD264}.Debug|Any CPU.ActiveCfg = Debug|Any CPU
		{FDA64403-CAF5-4C8B-BB1C-D684020FD264}.Debug|Any CPU.Build.0 = Debug|Any CPU
		{FDA64403-CAF5-4C8B-BB1C-D684020FD264}.Release|Any CPU.ActiveCfg = Release|Any CPU
		{FDA64403-CAF5-4C8B-BB1C-D684020FD264}.Release|Any CPU.Build.0 = Release|Any CPU
		{FF3EA68F-FB0B-445D-BE4B-04A3F93422C0}.Debug|Any CPU.ActiveCfg = Debug|Any CPU
		{FF3EA68F-FB0B-445D-BE4B-04A3F93422C0}.Debug|Any CPU.Build.0 = Debug|Any CPU
		{FF3EA68F-FB0B-445D-BE4B-04A3F93422C0}.Release|Any CPU.ActiveCfg = Release|Any CPU
		{FF3EA68F-FB0B-445D-BE4B-04A3F93422C0}.Release|Any CPU.Build.0 = Release|Any CPU
		{E6407FD8-34CA-4738-AC4C-EE8409423F9C}.Debug|Any CPU.ActiveCfg = Debug|Any CPU
		{E6407FD8-34CA-4738-AC4C-EE8409423F9C}.Debug|Any CPU.Build.0 = Debug|Any CPU
		{E6407FD8-34CA-4738-AC4C-EE8409423F9C}.Release|Any CPU.ActiveCfg = Release|Any CPU
		{E6407FD8-34CA-4738-AC4C-EE8409423F9C}.Release|Any CPU.Build.0 = Release|Any CPU
		{CDC6ACCE-82EB-4B15-BA70-EA1D3D9BF2F8}.Debug|Any CPU.ActiveCfg = Debug|Any CPU
		{CDC6ACCE-82EB-4B15-BA70-EA1D3D9BF2F8}.Debug|Any CPU.Build.0 = Debug|Any CPU
		{CDC6ACCE-82EB-4B15-BA70-EA1D3D9BF2F8}.Release|Any CPU.ActiveCfg = Release|Any CPU
		{CDC6ACCE-82EB-4B15-BA70-EA1D3D9BF2F8}.Release|Any CPU.Build.0 = Release|Any CPU
		{82933EBB-5D0F-4A39-AD69-5CB6C8275196}.Debug|Any CPU.ActiveCfg = Debug|Any CPU
		{82933EBB-5D0F-4A39-AD69-5CB6C8275196}.Debug|Any CPU.Build.0 = Debug|Any CPU
		{82933EBB-5D0F-4A39-AD69-5CB6C8275196}.Release|Any CPU.ActiveCfg = Release|Any CPU
		{82933EBB-5D0F-4A39-AD69-5CB6C8275196}.Release|Any CPU.Build.0 = Release|Any CPU
		{A18C506C-D0DB-4044-8998-F2D52942739A}.Debug|Any CPU.ActiveCfg = Debug|Any CPU
		{A18C506C-D0DB-4044-8998-F2D52942739A}.Debug|Any CPU.Build.0 = Debug|Any CPU
		{A18C506C-D0DB-4044-8998-F2D52942739A}.Release|Any CPU.ActiveCfg = Release|Any CPU
		{A18C506C-D0DB-4044-8998-F2D52942739A}.Release|Any CPU.Build.0 = Release|Any CPU
		{1581135A-947C-4B3D-8457-7D2F3C209549}.Debug|Any CPU.ActiveCfg = Debug|Any CPU
		{1581135A-947C-4B3D-8457-7D2F3C209549}.Debug|Any CPU.Build.0 = Debug|Any CPU
		{1581135A-947C-4B3D-8457-7D2F3C209549}.Release|Any CPU.ActiveCfg = Release|Any CPU
		{1581135A-947C-4B3D-8457-7D2F3C209549}.Release|Any CPU.Build.0 = Release|Any CPU
		{411487E7-2E08-47B6-9A68-F6CF0E3D8F22}.Debug|Any CPU.ActiveCfg = Debug|Any CPU
		{411487E7-2E08-47B6-9A68-F6CF0E3D8F22}.Debug|Any CPU.Build.0 = Debug|Any CPU
		{411487E7-2E08-47B6-9A68-F6CF0E3D8F22}.Release|Any CPU.ActiveCfg = Release|Any CPU
		{411487E7-2E08-47B6-9A68-F6CF0E3D8F22}.Release|Any CPU.Build.0 = Release|Any CPU
		{A72B857E-E71B-44E2-98D6-67B4E38AF933}.Debug|Any CPU.ActiveCfg = Debug|Any CPU
		{A72B857E-E71B-44E2-98D6-67B4E38AF933}.Debug|Any CPU.Build.0 = Debug|Any CPU
		{A72B857E-E71B-44E2-98D6-67B4E38AF933}.Release|Any CPU.ActiveCfg = Release|Any CPU
		{A72B857E-E71B-44E2-98D6-67B4E38AF933}.Release|Any CPU.Build.0 = Release|Any CPU
	EndGlobalSection
	GlobalSection(SolutionProperties) = preSolution
		HideSolutionNode = FALSE
	EndGlobalSection
	GlobalSection(NestedProjects) = preSolution
		{3142E915-C8BA-49C8-A71A-37326260C51E} = {B277C7EF-55E5-4F6D-B6DD-E029AB9F255E}
		{1A1F6FD7-1C95-4F71-B14B-9863803B80C2} = {3142E915-C8BA-49C8-A71A-37326260C51E}
		{91CB5A3E-A18D-4F70-B494-D984D5767240} = {B370BF84-7AC8-468F-9D53-0EFD085BC41E}
		{66954C20-4AE0-4604-A4A3-B55D7577BAAA} = {1A1F6FD7-1C95-4F71-B14B-9863803B80C2}
		{B370BF84-7AC8-468F-9D53-0EFD085BC41E} = {3142E915-C8BA-49C8-A71A-37326260C51E}
		{6E9E9C5F-227E-4E2A-B988-EFFEB6588A8D} = {B370BF84-7AC8-468F-9D53-0EFD085BC41E}
		{C453C711-AEE3-4A53-8DF7-F23E42E48025} = {3142E915-C8BA-49C8-A71A-37326260C51E}
		{EFD62092-F23A-4F2D-87AE-56D4278154D5} = {C453C711-AEE3-4A53-8DF7-F23E42E48025}
		{FC7F384B-7724-4D62-A282-A5855C1EC63A} = {C453C711-AEE3-4A53-8DF7-F23E42E48025}
		{A0FBA432-DC1E-44EB-A3C1-00299B72E622} = {0273CF16-2877-4CBD-AC99-C2005647652C}
		{0273CF16-2877-4CBD-AC99-C2005647652C} = {3142E915-C8BA-49C8-A71A-37326260C51E}
		{3B629741-B4A5-4820-BCDA-4560AAF9B551} = {0273CF16-2877-4CBD-AC99-C2005647652C}
		{36B8B530-C996-422D-BD86-BDC7D4B951F1} = {B370BF84-7AC8-468F-9D53-0EFD085BC41E}
		{C0DC5F34-1690-45C2-A3EE-D01F664343C1} = {1A1F6FD7-1C95-4F71-B14B-9863803B80C2}
		{FE369F7E-7FCA-461D-A27E-2621E50320A5} = {1A1F6FD7-1C95-4F71-B14B-9863803B80C2}
		{C25B143D-8673-4B3E-A20C-1742654158C9} = {0273CF16-2877-4CBD-AC99-C2005647652C}
		{BE3FE848-7182-4903-9F07-A8A5471D3C33} = {C453C711-AEE3-4A53-8DF7-F23E42E48025}
		{1CB146A0-E9F1-4ECD-B501-A3E0FAFC936F} = {B370BF84-7AC8-468F-9D53-0EFD085BC41E}
		{329BE298-543D-464B-A8F3-C5BC3505F0A4} = {0273CF16-2877-4CBD-AC99-C2005647652C}
		{42775CB0-0655-44A7-A893-40BCFD6EB143} = {1A1F6FD7-1C95-4F71-B14B-9863803B80C2}
		{FDA64403-CAF5-4C8B-BB1C-D684020FD264} = {C453C711-AEE3-4A53-8DF7-F23E42E48025}
		{AE26A0BE-E278-41DE-8F26-8C2317A63767} = {B277C7EF-55E5-4F6D-B6DD-E029AB9F255E}
		{FF3EA68F-FB0B-445D-BE4B-04A3F93422C0} = {AE26A0BE-E278-41DE-8F26-8C2317A63767}
		{E6407FD8-34CA-4738-AC4C-EE8409423F9C} = {AE26A0BE-E278-41DE-8F26-8C2317A63767}
		{3F3D2FBF-8178-448A-A640-046EE2A097A9} = {AE26A0BE-E278-41DE-8F26-8C2317A63767}
		{CDC6ACCE-82EB-4B15-BA70-EA1D3D9BF2F8} = {3F3D2FBF-8178-448A-A640-046EE2A097A9}
		{82933EBB-5D0F-4A39-AD69-5CB6C8275196} = {3F3D2FBF-8178-448A-A640-046EE2A097A9}
		{A18C506C-D0DB-4044-8998-F2D52942739A} = {3F3D2FBF-8178-448A-A640-046EE2A097A9}
		{1581135A-947C-4B3D-8457-7D2F3C209549} = {3F3D2FBF-8178-448A-A640-046EE2A097A9}
		{43543CB5-C0C8-4AD0-9051-076473B1FF2D} = {B277C7EF-55E5-4F6D-B6DD-E029AB9F255E}
		{A72B857E-E71B-44E2-98D6-67B4E38AF933} = {43543CB5-C0C8-4AD0-9051-076473B1FF2D}
	EndGlobalSection
	GlobalSection(ExtensibilityGlobals) = postSolution
		SolutionGuid = {A39EA7AC-C7A1-4D6B-9939-C9315C157AF4}
	EndGlobalSection
EndGlobal
