
Microsoft Visual Studio Solution File, Format Version 12.00
# Visual Studio Version 16
VisualStudioVersion = 16.0.29503.13
MinimumVisualStudioVersion = 10.0.40219.1
Project("{2150E333-8FDC-42A3-9474-1A3956D46DE8}") = "src", "src", "{B277C7EF-55E5-4F6D-B6DD-E029AB9F255E}"
EndProject
Project("{2150E333-8FDC-42A3-9474-1A3956D46DE8}") = "Modulos", "Modulos", "{3142E915-C8BA-49C8-A71A-37326260C51E}"
EndProject
Project("{2150E333-8FDC-42A3-9474-1A3956D46DE8}") = "CrossCutting", "CrossCutting", "{1A1F6FD7-1C95-4F71-B14B-9863803B80C2}"
EndProject
Project("{9A19103F-16F7-4668-BE54-9A1E7A4F7556}") = "SIGO.GestaoNormas.API", "src\Modulos\GestaoNormas\SIGO.GestaoNormas.API\SIGO.GestaoNormas.API.csproj", "{91CB5A3E-A18D-4F70-B494-D984D5767240}"
EndProject
Project("{9A19103F-16F7-4668-BE54-9A1E7A4F7556}") = "SIGO.Domain", "src\Modulos\CrossCutting\SIGO.Domain\SIGO.Domain.csproj", "{66954C20-4AE0-4604-A4A3-B55D7577BAAA}"
EndProject
Project("{2150E333-8FDC-42A3-9474-1A3956D46DE8}") = "GestaoNormas", "GestaoNormas", "{B370BF84-7AC8-468F-9D53-0EFD085BC41E}"
EndProject
Project("{9A19103F-16F7-4668-BE54-9A1E7A4F7556}") = "SIGO.GestaoNormas.Domain", "src\Modulos\GestaoNormas\SIGO.GestaoNormas.Domain\SIGO.GestaoNormas.Domain.csproj", "{6E9E9C5F-227E-4E2A-B988-EFFEB6588A8D}"
EndProject
Project("{2150E333-8FDC-42A3-9474-1A3956D46DE8}") = "AssessoriasConsultorias", "AssessoriasConsultorias", "{C453C711-AEE3-4A53-8DF7-F23E42E48025}"
EndProject
Project("{9A19103F-16F7-4668-BE54-9A1E7A4F7556}") = "SIGO.AssessoriasConsultorias.API", "src\Modulos\AssessoriasConsultorias\SIGO.AssessoriasConsultorias.API\SIGO.AssessoriasConsultorias.API.csproj", "{EFD62092-F23A-4F2D-87AE-56D4278154D5}"
EndProject
Project("{9A19103F-16F7-4668-BE54-9A1E7A4F7556}") = "SIGO.AssessoriasConsultorias.Domain", "src\Modulos\AssessoriasConsultorias\SIGO.AssessoriasConsultorias.Domain\SIGO.AssessoriasConsultorias.Domain.csproj", "{FC7F384B-7724-4D62-A282-A5855C1EC63A}"
EndProject
Project("{9A19103F-16F7-4668-BE54-9A1E7A4F7556}") = "SIGO.GestaoProcessoIndustrial.API", "src\Modulos\GestaoProcessoIndustrial\SIGO.GestaoProcessoIndustrial.API\SIGO.GestaoProcessoIndustrial.API.csproj", "{A0FBA432-DC1E-44EB-A3C1-00299B72E622}"
EndProject
Project("{2150E333-8FDC-42A3-9474-1A3956D46DE8}") = "GestaoProcessoIndustrial", "GestaoProcessoIndustrial", "{0273CF16-2877-4CBD-AC99-C2005647652C}"
EndProject
Project("{9A19103F-16F7-4668-BE54-9A1E7A4F7556}") = "SIGO.GestaoProcessoIndustrial.Domain", "src\Modulos\GestaoProcessoIndustrial\SIGO.GestaoProcessoIndustrial.Domain\SIGO.GestaoProcessoIndustrial.Domain.csproj", "{3B629741-B4A5-4820-BCDA-4560AAF9B551}"
EndProject
Project("{E53339B2-1760-4266-BCC7-CA923CBCF16C}") = "docker-compose", "docker-compose.dcproj", "{E9481F50-8A33-4A3F-AF17-5B175714F391}"
EndProject
Project("{9A19103F-16F7-4668-BE54-9A1E7A4F7556}") = "SIGO.GestaoNormas.Infra", "src\Modulos\GestaoNormas\SIGO.GestaoNormas.Infra\SIGO.GestaoNormas.Infra.csproj", "{36B8B530-C996-422D-BD86-BDC7D4B951F1}"
EndProject
Project("{9A19103F-16F7-4668-BE54-9A1E7A4F7556}") = "SIGO.Bus", "src\Modulos\CrossCutting\SIGO.Bus\SIGO.Bus.csproj", "{C0DC5F34-1690-45C2-A3EE-D01F664343C1}"
EndProject
Project("{9A19103F-16F7-4668-BE54-9A1E7A4F7556}") = "SIGO.Utils", "src\Modulos\CrossCutting\SIGO.Utils\SIGO.Utils.csproj", "{FE369F7E-7FCA-461D-A27E-2621E50320A5}"
EndProject
Project("{9A19103F-16F7-4668-BE54-9A1E7A4F7556}") = "SIGO.GestaoProcessoIndustrial.Infra", "src\Modulos\GestaoProcessoIndustrial\SIGO.GestaoProcessoIndustrial.Infra\SIGO.GestaoProcessoIndustrial.Infra.csproj", "{C25B143D-8673-4B3E-A20C-1742654158C9}"
EndProject
Project("{FAE04EC0-301F-11D3-BF4B-00C04F79EFBC}") = "SIGO.AssessoriasConsultorias.Infra", "src\Modulos\AssessoriasConsultorias\SIGO.AssessoriasConsultorias.Infra\SIGO.AssessoriasConsultorias.Infra.csproj", "{BE3FE848-7182-4903-9F07-A8A5471D3C33}"
EndProject
Global
	GlobalSection(SolutionConfigurationPlatforms) = preSolution
		Debug|Any CPU = Debug|Any CPU
		Release|Any CPU = Release|Any CPU
	EndGlobalSection
	GlobalSection(ProjectConfigurationPlatforms) = postSolution
		{91CB5A3E-A18D-4F70-B494-D984D5767240}.Debug|Any CPU.ActiveCfg = Debug|Any CPU
		{91CB5A3E-A18D-4F70-B494-D984D5767240}.Debug|Any CPU.Build.0 = Debug|Any CPU
		{91CB5A3E-A18D-4F70-B494-D984D5767240}.Release|Any CPU.ActiveCfg = Release|Any CPU
		{91CB5A3E-A18D-4F70-B494-D984D5767240}.Release|Any CPU.Build.0 = Release|Any CPU
		{66954C20-4AE0-4604-A4A3-B55D7577BAAA}.Debug|Any CPU.ActiveCfg = Debug|Any CPU
		{66954C20-4AE0-4604-A4A3-B55D7577BAAA}.Debug|Any CPU.Build.0 = Debug|Any CPU
		{66954C20-4AE0-4604-A4A3-B55D7577BAAA}.Release|Any CPU.ActiveCfg = Release|Any CPU
		{66954C20-4AE0-4604-A4A3-B55D7577BAAA}.Release|Any CPU.Build.0 = Release|Any CPU
		{6E9E9C5F-227E-4E2A-B988-EFFEB6588A8D}.Debug|Any CPU.ActiveCfg = Debug|Any CPU
		{6E9E9C5F-227E-4E2A-B988-EFFEB6588A8D}.Debug|Any CPU.Build.0 = Debug|Any CPU
		{6E9E9C5F-227E-4E2A-B988-EFFEB6588A8D}.Release|Any CPU.ActiveCfg = Release|Any CPU
		{6E9E9C5F-227E-4E2A-B988-EFFEB6588A8D}.Release|Any CPU.Build.0 = Release|Any CPU
		{EFD62092-F23A-4F2D-87AE-56D4278154D5}.Debug|Any CPU.ActiveCfg = Debug|Any CPU
		{EFD62092-F23A-4F2D-87AE-56D4278154D5}.Debug|Any CPU.Build.0 = Debug|Any CPU
		{EFD62092-F23A-4F2D-87AE-56D4278154D5}.Release|Any CPU.ActiveCfg = Release|Any CPU
		{EFD62092-F23A-4F2D-87AE-56D4278154D5}.Release|Any CPU.Build.0 = Release|Any CPU
		{FC7F384B-7724-4D62-A282-A5855C1EC63A}.Debug|Any CPU.ActiveCfg = Debug|Any CPU
		{FC7F384B-7724-4D62-A282-A5855C1EC63A}.Debug|Any CPU.Build.0 = Debug|Any CPU
		{FC7F384B-7724-4D62-A282-A5855C1EC63A}.Release|Any CPU.ActiveCfg = Release|Any CPU
		{FC7F384B-7724-4D62-A282-A5855C1EC63A}.Release|Any CPU.Build.0 = Release|Any CPU
		{A0FBA432-DC1E-44EB-A3C1-00299B72E622}.Debug|Any CPU.ActiveCfg = Debug|Any CPU
		{A0FBA432-DC1E-44EB-A3C1-00299B72E622}.Debug|Any CPU.Build.0 = Debug|Any CPU
		{A0FBA432-DC1E-44EB-A3C1-00299B72E622}.Release|Any CPU.ActiveCfg = Release|Any CPU
		{A0FBA432-DC1E-44EB-A3C1-00299B72E622}.Release|Any CPU.Build.0 = Release|Any CPU
		{3B629741-B4A5-4820-BCDA-4560AAF9B551}.Debug|Any CPU.ActiveCfg = Debug|Any CPU
		{3B629741-B4A5-4820-BCDA-4560AAF9B551}.Debug|Any CPU.Build.0 = Debug|Any CPU
		{3B629741-B4A5-4820-BCDA-4560AAF9B551}.Release|Any CPU.ActiveCfg = Release|Any CPU
		{3B629741-B4A5-4820-BCDA-4560AAF9B551}.Release|Any CPU.Build.0 = Release|Any CPU
		{E9481F50-8A33-4A3F-AF17-5B175714F391}.Debug|Any CPU.ActiveCfg = Debug|Any CPU
		{E9481F50-8A33-4A3F-AF17-5B175714F391}.Debug|Any CPU.Build.0 = Debug|Any CPU
		{E9481F50-8A33-4A3F-AF17-5B175714F391}.Release|Any CPU.ActiveCfg = Release|Any CPU
		{E9481F50-8A33-4A3F-AF17-5B175714F391}.Release|Any CPU.Build.0 = Release|Any CPU
		{36B8B530-C996-422D-BD86-BDC7D4B951F1}.Debug|Any CPU.ActiveCfg = Debug|Any CPU
		{36B8B530-C996-422D-BD86-BDC7D4B951F1}.Debug|Any CPU.Build.0 = Debug|Any CPU
		{36B8B530-C996-422D-BD86-BDC7D4B951F1}.Release|Any CPU.ActiveCfg = Release|Any CPU
		{36B8B530-C996-422D-BD86-BDC7D4B951F1}.Release|Any CPU.Build.0 = Release|Any CPU
		{C0DC5F34-1690-45C2-A3EE-D01F664343C1}.Debug|Any CPU.ActiveCfg = Debug|Any CPU
		{C0DC5F34-1690-45C2-A3EE-D01F664343C1}.Debug|Any CPU.Build.0 = Debug|Any CPU
		{C0DC5F34-1690-45C2-A3EE-D01F664343C1}.Release|Any CPU.ActiveCfg = Release|Any CPU
		{C0DC5F34-1690-45C2-A3EE-D01F664343C1}.Release|Any CPU.Build.0 = Release|Any CPU
		{FE369F7E-7FCA-461D-A27E-2621E50320A5}.Debug|Any CPU.ActiveCfg = Debug|Any CPU
		{FE369F7E-7FCA-461D-A27E-2621E50320A5}.Debug|Any CPU.Build.0 = Debug|Any CPU
		{FE369F7E-7FCA-461D-A27E-2621E50320A5}.Release|Any CPU.ActiveCfg = Release|Any CPU
		{FE369F7E-7FCA-461D-A27E-2621E50320A5}.Release|Any CPU.Build.0 = Release|Any CPU
		{C25B143D-8673-4B3E-A20C-1742654158C9}.Debug|Any CPU.ActiveCfg = Debug|Any CPU
		{C25B143D-8673-4B3E-A20C-1742654158C9}.Debug|Any CPU.Build.0 = Debug|Any CPU
		{C25B143D-8673-4B3E-A20C-1742654158C9}.Release|Any CPU.ActiveCfg = Release|Any CPU
		{C25B143D-8673-4B3E-A20C-1742654158C9}.Release|Any CPU.Build.0 = Release|Any CPU
		{BE3FE848-7182-4903-9F07-A8A5471D3C33}.Debug|Any CPU.ActiveCfg = Debug|Any CPU
		{BE3FE848-7182-4903-9F07-A8A5471D3C33}.Debug|Any CPU.Build.0 = Debug|Any CPU
		{BE3FE848-7182-4903-9F07-A8A5471D3C33}.Release|Any CPU.ActiveCfg = Release|Any CPU
		{BE3FE848-7182-4903-9F07-A8A5471D3C33}.Release|Any CPU.Build.0 = Release|Any CPU
	EndGlobalSection
	GlobalSection(SolutionProperties) = preSolution
		HideSolutionNode = FALSE
	EndGlobalSection
	GlobalSection(NestedProjects) = preSolution
		{3142E915-C8BA-49C8-A71A-37326260C51E} = {B277C7EF-55E5-4F6D-B6DD-E029AB9F255E}
		{1A1F6FD7-1C95-4F71-B14B-9863803B80C2} = {3142E915-C8BA-49C8-A71A-37326260C51E}
		{91CB5A3E-A18D-4F70-B494-D984D5767240} = {B370BF84-7AC8-468F-9D53-0EFD085BC41E}
		{66954C20-4AE0-4604-A4A3-B55D7577BAAA} = {1A1F6FD7-1C95-4F71-B14B-9863803B80C2}
		{B370BF84-7AC8-468F-9D53-0EFD085BC41E} = {3142E915-C8BA-49C8-A71A-37326260C51E}
		{6E9E9C5F-227E-4E2A-B988-EFFEB6588A8D} = {B370BF84-7AC8-468F-9D53-0EFD085BC41E}
		{C453C711-AEE3-4A53-8DF7-F23E42E48025} = {3142E915-C8BA-49C8-A71A-37326260C51E}
		{EFD62092-F23A-4F2D-87AE-56D4278154D5} = {C453C711-AEE3-4A53-8DF7-F23E42E48025}
		{FC7F384B-7724-4D62-A282-A5855C1EC63A} = {C453C711-AEE3-4A53-8DF7-F23E42E48025}
		{A0FBA432-DC1E-44EB-A3C1-00299B72E622} = {0273CF16-2877-4CBD-AC99-C2005647652C}
		{0273CF16-2877-4CBD-AC99-C2005647652C} = {3142E915-C8BA-49C8-A71A-37326260C51E}
		{3B629741-B4A5-4820-BCDA-4560AAF9B551} = {0273CF16-2877-4CBD-AC99-C2005647652C}
		{36B8B530-C996-422D-BD86-BDC7D4B951F1} = {B370BF84-7AC8-468F-9D53-0EFD085BC41E}
		{C0DC5F34-1690-45C2-A3EE-D01F664343C1} = {1A1F6FD7-1C95-4F71-B14B-9863803B80C2}
		{FE369F7E-7FCA-461D-A27E-2621E50320A5} = {1A1F6FD7-1C95-4F71-B14B-9863803B80C2}
		{C25B143D-8673-4B3E-A20C-1742654158C9} = {0273CF16-2877-4CBD-AC99-C2005647652C}
		{BE3FE848-7182-4903-9F07-A8A5471D3C33} = {C453C711-AEE3-4A53-8DF7-F23E42E48025}
	EndGlobalSection
	GlobalSection(ExtensibilityGlobals) = postSolution
		SolutionGuid = {A39EA7AC-C7A1-4D6B-9939-C9315C157AF4}
	EndGlobalSection
EndGlobal
